<?xml version="1.0" encoding="utf-8"?>
<Project ToolsVersion="4.0" xmlns="http://schemas.microsoft.com/developer/msbuild/2003">
  <ItemGroup>
    <Filter Include="Capybara">
      <UniqueIdentifier>{48CAC589-3497-2095-5DB0-0E3D49DC5523}</UniqueIdentifier>
    </Filter>
    <Filter Include="Capybara\Core">
      <UniqueIdentifier>{A09B604A-0C5C-DC80-D596-25FE4116215D}</UniqueIdentifier>
    </Filter>
    <Filter Include="Capybara\Core\Events">
      <UniqueIdentifier>{84F3DE2E-7082-68F8-19A1-7CF3050F799E}</UniqueIdentifier>
    </Filter>
    <Filter Include="Capybara\Core\Math">
      <UniqueIdentifier>{7944B1CE-6528-7224-CE88-6C77BA8B5CA6}</UniqueIdentifier>
    </Filter>
    <Filter Include="Capybara\Editor">
      <UniqueIdentifier>{7EA6D468-EA31-422D-F342-C5215F4D9E2D}</UniqueIdentifier>
    </Filter>
    <Filter Include="Capybara\ImGui">
      <UniqueIdentifier>{72D5DE96-5EA3-D29C-4737-43C333A4AE01}</UniqueIdentifier>
    </Filter>
    <Filter Include="Capybara\Platform">
      <UniqueIdentifier>{9C17906C-082E-8E02-51A5-1924BDFA5E8A}</UniqueIdentifier>
    </Filter>
    <Filter Include="Capybara\Platform\OpenGL">
      <UniqueIdentifier>{50992A6F-3CBE-79EF-6509-5F7F518D780D}</UniqueIdentifier>
    </Filter>
    <Filter Include="Capybara\Platform\Windows">
      <UniqueIdentifier>{D69D99AC-4260-CD36-8B10-5CC3F711A614}</UniqueIdentifier>
    </Filter>
    <Filter Include="Capybara\Renderer">
      <UniqueIdentifier>{EE1E6D47-5A35-6BDD-A3AC-F6FE0F023C65}</UniqueIdentifier>
    </Filter>
    <Filter Include="Capybara\Scene">
      <UniqueIdentifier>{65CD8E97-519B-829D-3A2F-F3C3269C5E02}</UniqueIdentifier>
    </Filter>
    <Filter Include="Capybara\Vendor">
      <UniqueIdentifier>{85EB9090-F176-FE54-FA87-814966925A55}</UniqueIdentifier>
    </Filter>
  </ItemGroup>
  <ItemGroup>
    <ClInclude Include="src\Capybara.h" />
    <ClInclude Include="src\Capybara\Core\Application.h">
      <Filter>Capybara\Core</Filter>
    </ClInclude>
    <ClInclude Include="src\Capybara\Core\Assert.h">
      <Filter>Capybara\Core</Filter>
    </ClInclude>
    <ClInclude Include="src\Capybara\Core\Base.h">
      <Filter>Capybara\Core</Filter>
    </ClInclude>
    <ClInclude Include="src\Capybara\Core\Buffer.h">
      <Filter>Capybara\Core</Filter>
    </ClInclude>
    <ClInclude Include="src\Capybara\Core\Events\ApplicationEvent.h">
      <Filter>Capybara\Core\Events</Filter>
    </ClInclude>
    <ClInclude Include="src\Capybara\Core\Events\Event.h">
      <Filter>Capybara\Core\Events</Filter>
    </ClInclude>
    <ClInclude Include="src\Capybara\Core\Events\KeyEvent.h">
      <Filter>Capybara\Core\Events</Filter>
    </ClInclude>
    <ClInclude Include="src\Capybara\Core\Events\MouseEvent.h">
      <Filter>Capybara\Core\Events</Filter>
    </ClInclude>
    <ClInclude Include="src\Capybara\Core\Input.h">
      <Filter>Capybara\Core</Filter>
    </ClInclude>
    <ClInclude Include="src\Capybara\Core\KeyCodes.h">
      <Filter>Capybara\Core</Filter>
    </ClInclude>
    <ClInclude Include="src\Capybara\Core\Layer.h">
      <Filter>Capybara\Core</Filter>
    </ClInclude>
    <ClInclude Include="src\Capybara\Core\LayerStack.h">
      <Filter>Capybara\Core</Filter>
    </ClInclude>
    <ClInclude Include="src\Capybara\Core\Log.h">
      <Filter>Capybara\Core</Filter>
    </ClInclude>
    <ClInclude Include="src\Capybara\Core\Math\Mat4.h">
      <Filter>Capybara\Core\Math</Filter>
    </ClInclude>
    <ClInclude Include="src\Capybara\Core\Platform.h">
      <Filter>Capybara\Core</Filter>
    </ClInclude>
    <ClInclude Include="src\Capybara\Core\TimeStep.h">
      <Filter>Capybara\Core</Filter>
    </ClInclude>
    <ClInclude Include="src\Capybara\Core\Window.h">
      <Filter>Capybara\Core</Filter>
    </ClInclude>
    <ClInclude Include="src\Capybara\Editor\SceneHierarchyPanel.h">
      <Filter>Capybara\Editor</Filter>
    </ClInclude>
    <ClInclude Include="src\Capybara\EntryPoint.h">
      <Filter>Capybara</Filter>
    </ClInclude>
    <ClInclude Include="src\Capybara\ImGui\ImGuiLayer.h">
      <Filter>Capybara\ImGui</Filter>
    </ClInclude>
    <ClInclude Include="src\Capybara\ImGui\ImGuizmo.h">
      <Filter>Capybara\ImGui</Filter>
    </ClInclude>
    <ClInclude Include="src\Capybara\Platform\OpenGL\OpenGLBuffer.h">
      <Filter>Capybara\Platform\OpenGL</Filter>
    </ClInclude>
    <ClInclude Include="src\Capybara\Platform\OpenGL\OpenGLFramebuffer.h">
      <Filter>Capybara\Platform\OpenGL</Filter>
    </ClInclude>
    <ClInclude Include="src\Capybara\Platform\OpenGL\OpenGLRenderPass.h">
      <Filter>Capybara\Platform\OpenGL</Filter>
    </ClInclude>
    <ClInclude Include="src\Capybara\Platform\OpenGL\OpenGLShader.h">
      <Filter>Capybara\Platform\OpenGL</Filter>
    </ClInclude>
    <ClInclude Include="src\Capybara\Platform\OpenGL\OpenGLShaderUniform.h">
      <Filter>Capybara\Platform\OpenGL</Filter>
    </ClInclude>
    <ClInclude Include="src\Capybara\Platform\OpenGL\OpenGLTexture.h">
      <Filter>Capybara\Platform\OpenGL</Filter>
    </ClInclude>
    <ClInclude Include="src\Capybara\Platform\OpenGL\OpenGLVertexArray.h">
      <Filter>Capybara\Platform\OpenGL</Filter>
    </ClInclude>
    <ClInclude Include="src\Capybara\Platform\Windows\WindowsInput.h">
      <Filter>Capybara\Platform\Windows</Filter>
    </ClInclude>
    <ClInclude Include="src\Capybara\Platform\Windows\WindowsWindow.h">
      <Filter>Capybara\Platform\Windows</Filter>
    </ClInclude>
    <ClInclude Include="src\Capybara\Renderer\Buffer.h">
      <Filter>Capybara\Renderer</Filter>
    </ClInclude>
    <ClInclude Include="src\Capybara\Renderer\Camera.h">
      <Filter>Capybara\Renderer</Filter>
    </ClInclude>
    <ClInclude Include="src\Capybara\Renderer\Framebuffer.h">
      <Filter>Capybara\Renderer</Filter>
    </ClInclude>
    <ClInclude Include="src\Capybara\Renderer\Material.h">
      <Filter>Capybara\Renderer</Filter>
    </ClInclude>
    <ClInclude Include="src\Capybara\Renderer\Mesh.h">
      <Filter>Capybara\Renderer</Filter>
    </ClInclude>
    <ClInclude Include="src\Capybara\Renderer\RenderCommandQueue.h">
      <Filter>Capybara\Renderer</Filter>
    </ClInclude>
    <ClInclude Include="src\Capybara\Renderer\RenderPass.h">
      <Filter>Capybara\Renderer</Filter>
    </ClInclude>
    <ClInclude Include="src\Capybara\Renderer\Renderer.h">
      <Filter>Capybara\Renderer</Filter>
    </ClInclude>
    <ClInclude Include="src\Capybara\Renderer\Renderer2D.h">
      <Filter>Capybara\Renderer</Filter>
    </ClInclude>
    <ClInclude Include="src\Capybara\Renderer\RendererAPI.h">
      <Filter>Capybara\Renderer</Filter>
    </ClInclude>
    <ClInclude Include="src\Capybara\Renderer\SceneRenderer.h">
      <Filter>Capybara\Renderer</Filter>
    </ClInclude>
    <ClInclude Include="src\Capybara\Renderer\Shader.h">
      <Filter>Capybara\Renderer</Filter>
    </ClInclude>
    <ClInclude Include="src\Capybara\Renderer\ShaderUniform.h">
      <Filter>Capybara\Renderer</Filter>
    </ClInclude>
    <ClInclude Include="src\Capybara\Renderer\Texture.h">
      <Filter>Capybara\Renderer</Filter>
    </ClInclude>
    <ClInclude Include="src\Capybara\Renderer\VertexArray.h">
      <Filter>Capybara\Renderer</Filter>
    </ClInclude>
    <ClInclude Include="src\Capybara\Scene\Entity.h">
      <Filter>Capybara\Scene</Filter>
    </ClInclude>
    <ClInclude Include="src\Capybara\Scene\Scene.h">
      <Filter>Capybara\Scene</Filter>
    </ClInclude>
    <ClInclude Include="src\precomp.h" />
  </ItemGroup>
  <ItemGroup>
    <ClCompile Include="src\Capybara\Core\Application.cpp">
      <Filter>Capybara\Core</Filter>
    </ClCompile>
    <ClCompile Include="src\Capybara\Core\Base.cpp">
      <Filter>Capybara\Core</Filter>
    </ClCompile>
    <ClCompile Include="src\Capybara\Core\Layer.cpp">
      <Filter>Capybara\Core</Filter>
    </ClCompile>
    <ClCompile Include="src\Capybara\Core\LayerStack.cpp">
      <Filter>Capybara\Core</Filter>
    </ClCompile>
    <ClCompile Include="src\Capybara\Core\Log.cpp">
      <Filter>Capybara\Core</Filter>
    </ClCompile>
    <ClCompile Include="src\Capybara\Core\Math\Mat4.cpp">
      <Filter>Capybara\Core\Math</Filter>
    </ClCompile>
    <ClCompile Include="src\Capybara\Editor\SceneHierarchyPanel.cpp">
      <Filter>Capybara\Editor</Filter>
    </ClCompile>
    <ClCompile Include="src\Capybara\ImGui\ImGuiBuild.cpp">
      <Filter>Capybara\ImGui</Filter>
    </ClCompile>
    <ClCompile Include="src\Capybara\ImGui\ImGuiLayer.cpp">
      <Filter>Capybara\ImGui</Filter>
    </ClCompile>
    <ClCompile Include="src\Capybara\ImGui\ImGuizmo.cpp">
      <Filter>Capybara\ImGui</Filter>
    </ClCompile>
    <ClCompile Include="src\Capybara\Platform\OpenGL\OpenGLBuffer.cpp">
      <Filter>Capybara\Platform\OpenGL</Filter>
    </ClCompile>
    <ClCompile Include="src\Capybara\Platform\OpenGL\OpenGLFramebuffer.cpp">
      <Filter>Capybara\Platform\OpenGL</Filter>
    </ClCompile>
    <ClCompile Include="src\Capybara\Platform\OpenGL\OpenGLRenderPass.cpp">
      <Filter>Capybara\Platform\OpenGL</Filter>
    </ClCompile>
    <ClCompile Include="src\Capybara\Platform\OpenGL\OpenGLRendererAPI.cpp">
      <Filter>Capybara\Platform\OpenGL</Filter>
    </ClCompile>
    <ClCompile Include="src\Capybara\Platform\OpenGL\OpenGLShader.cpp">
      <Filter>Capybara\Platform\OpenGL</Filter>
    </ClCompile>
    <ClCompile Include="src\Capybara\Platform\OpenGL\OpenGLShaderUniform.cpp">
      <Filter>Capybara\Platform\OpenGL</Filter>
    </ClCompile>
    <ClCompile Include="src\Capybara\Platform\OpenGL\OpenGLTexture.cpp">
      <Filter>Capybara\Platform\OpenGL</Filter>
    </ClCompile>
    <ClCompile Include="src\Capybara\Platform\OpenGL\OpenGLVertexArray.cpp">
      <Filter>Capybara\Platform\OpenGL</Filter>
    </ClCompile>
    <ClCompile Include="src\Capybara\Platform\Windows\WindowsInput.cpp">
      <Filter>Capybara\Platform\Windows</Filter>
    </ClCompile>
    <ClCompile Include="src\Capybara\Platform\Windows\WindowsWindow.cpp">
      <Filter>Capybara\Platform\Windows</Filter>
    </ClCompile>
    <ClCompile Include="src\Capybara\Renderer\Buffer.cpp">
      <Filter>Capybara\Renderer</Filter>
    </ClCompile>
    <ClCompile Include="src\Capybara\Renderer\Camera.cpp">
      <Filter>Capybara\Renderer</Filter>
    </ClCompile>
    <ClCompile Include="src\Capybara\Renderer\Framebuffer.cpp">
      <Filter>Capybara\Renderer</Filter>
    </ClCompile>
    <ClCompile Include="src\Capybara\Renderer\Material.cpp">
      <Filter>Capybara\Renderer</Filter>
    </ClCompile>
    <ClCompile Include="src\Capybara\Renderer\Mesh.cpp">
      <Filter>Capybara\Renderer</Filter>
    </ClCompile>
    <ClCompile Include="src\Capybara\Renderer\RenderCommandQueue.cpp">
      <Filter>Capybara\Renderer</Filter>
    </ClCompile>
    <ClCompile Include="src\Capybara\Renderer\RenderPass.cpp">
      <Filter>Capybara\Renderer</Filter>
    </ClCompile>
    <ClCompile Include="src\Capybara\Renderer\Renderer.cpp">
      <Filter>Capybara\Renderer</Filter>
    </ClCompile>
    <ClCompile Include="src\Capybara\Renderer\Renderer2D.cpp">
      <Filter>Capybara\Renderer</Filter>
    </ClCompile>
    <ClCompile Include="src\Capybara\Renderer\SceneRenderer.cpp">
      <Filter>Capybara\Renderer</Filter>
    </ClCompile>
    <ClCompile Include="src\Capybara\Renderer\Shader.cpp">
      <Filter>Capybara\Renderer</Filter>
    </ClCompile>
    <ClCompile Include="src\Capybara\Renderer\Texture.cpp">
      <Filter>Capybara\Renderer</Filter>
    </ClCompile>
    <ClCompile Include="src\Capybara\Renderer\VertexArray.cpp">
      <Filter>Capybara\Renderer</Filter>
    </ClCompile>
    <ClCompile Include="src\Capybara\Scene\Entity.cpp">
      <Filter>Capybara\Scene</Filter>
    </ClCompile>
    <ClCompile Include="src\Capybara\Scene\Scene.cpp">
      <Filter>Capybara\Scene</Filter>
    </ClCompile>
    <ClCompile Include="src\Capybara\Vendor\stb_image.cpp">
      <Filter>Capybara\Vendor</Filter>
    </ClCompile>
    <ClCompile Include="src\precomp.cpp" />
  </ItemGroup>
</Project>