<?xml version="1.0" encoding="utf-8"?>
<Project ToolsVersion="4.0" xmlns="http://schemas.microsoft.com/developer/msbuild/2003">
  <ItemGroup>
    <Filter Include="Capybara">
      <UniqueIdentifier>{48CAC589-3497-2095-5DB0-0E3D49DC5523}</UniqueIdentifier>
    </Filter>
  </ItemGroup>
  <ItemGroup>
    <ClInclude Include="src\Capybara.h" />
    <ClInclude Include="src\Capybara\Application.h">
      <Filter>Capybara</Filter>
    </ClInclude>
    <ClInclude Include="src\Capybara\Core.h">
      <Filter>Capybara</Filter>
    </ClInclude>
    <ClInclude Include="src\Capybara\EntryPoint.h">
      <Filter>Capybara</Filter>
    </ClInclude>
    <ClInclude Include="src\Capybara\Log.h">
      <Filter>Capybara</Filter>
    </ClInclude>
  </ItemGroup>
  <ItemGroup>
    <ClCompile Include="src\Capybara\Application.cpp">
      <Filter>Capybara</Filter>
    </ClCompile>
    <ClCompile Include="src\Capybara\Log.cpp">
      <Filter>Capybara</Filter>
    </ClCompile>
  </ItemGroup>
</Project>