<?xml version="1.0" encoding="utf-8"?>
<Project ToolsVersion="4.0" xmlns="http://schemas.microsoft.com/developer/msbuild/2003">
  <ItemGroup>
    <Filter Include="Capybara">
      <UniqueIdentifier>{48CAC589-3497-2095-5DB0-0E3D49DC5523}</UniqueIdentifier>
    </Filter>
    <Filter Include="Capybara\Events">
      <UniqueIdentifier>{2C15186A-98A0-852E-A1B1-08230DBCE12E}</UniqueIdentifier>
    </Filter>
    <Filter Include="Platform">
      <UniqueIdentifier>{2AC788B4-1694-E3BF-3FAD-D1672BD9184E}</UniqueIdentifier>
    </Filter>
    <Filter Include="Platform\Windows">
      <UniqueIdentifier>{64FBD71A-50F4-F66C-7926-DCF1657ED678}</UniqueIdentifier>
    </Filter>
  </ItemGroup>
  <ItemGroup>
    <ClInclude Include="src\Capybara.h" />
    <ClInclude Include="src\Capybara\Application.h">
      <Filter>Capybara</Filter>
    </ClInclude>
    <ClInclude Include="src\Capybara\Core.h">
      <Filter>Capybara</Filter>
    </ClInclude>
    <ClInclude Include="src\Capybara\EntryPoint.h">
      <Filter>Capybara</Filter>
    </ClInclude>
    <ClInclude Include="src\Capybara\Events\ApplicationEvent.h">
      <Filter>Capybara\Events</Filter>
    </ClInclude>
    <ClInclude Include="src\Capybara\Events\Event.h">
      <Filter>Capybara\Events</Filter>
    </ClInclude>
    <ClInclude Include="src\Capybara\Events\KeyEvent.h">
      <Filter>Capybara\Events</Filter>
    </ClInclude>
    <ClInclude Include="src\Capybara\Events\MouseEvent.h">
      <Filter>Capybara\Events</Filter>
    </ClInclude>
    <ClInclude Include="src\Capybara\Layer.h">
      <Filter>Capybara</Filter>
    </ClInclude>
    <ClInclude Include="src\Capybara\LayerStack.h">
      <Filter>Capybara</Filter>
    </ClInclude>
    <ClInclude Include="src\Capybara\Log.h">
      <Filter>Capybara</Filter>
    </ClInclude>
    <ClInclude Include="src\Capybara\Window.h">
      <Filter>Capybara</Filter>
    </ClInclude>
    <ClInclude Include="src\Platform\Windows\WindowsWindow.h">
      <Filter>Platform\Windows</Filter>
    </ClInclude>
    <ClInclude Include="src\precomp.h" />
  </ItemGroup>
  <ItemGroup>
    <ClCompile Include="src\Capybara\Application.cpp">
      <Filter>Capybara</Filter>
    </ClCompile>
    <ClCompile Include="src\Capybara\Layer.cpp">
      <Filter>Capybara</Filter>
    </ClCompile>
    <ClCompile Include="src\Capybara\LayerStack.cpp">
      <Filter>Capybara</Filter>
    </ClCompile>
    <ClCompile Include="src\Capybara\Log.cpp">
      <Filter>Capybara</Filter>
    </ClCompile>
    <ClCompile Include="src\Platform\Windows\WindowsWindow.cpp">
      <Filter>Platform\Windows</Filter>
    </ClCompile>
    <ClCompile Include="src\precomp.cpp" />
  </ItemGroup>
</Project>